	<Project xmlns="http://schemas.microsoft.com/developer/msbuild/2003">
		<PropertyGroup>
			<ProjectGuid>{9dce4f2a-aaf1-4f8e-aca7-c36afc829e47}</ProjectGuid>
			<MainSource>UnitSwitcher.dpk</MainSource>
			<Configuration Condition=" '$(Configuration)' == '' ">Debug</Configuration>
			<DCC_DCCCompiler>DCC32</DCC_DCCCompiler>
			<DCC_DependencyCheckOutputName>..\..\Lib\D2007\UnitSwitcherD2007.bpl</DCC_DependencyCheckOutputName>
			<FrameworkType>VCL</FrameworkType>
			<ProjectVersion>13.4</ProjectVersion>
			<Base>True</Base>
			<Config Condition="'$(Config)'==''">Debug</Config>
			<Platform Condition="'$(Platform)'==''">Win32</Platform>
			<TargetedPlatforms>1</TargetedPlatforms>
			<AppType>Package</AppType>
		</PropertyGroup>
		<PropertyGroup Condition="'$(Config)'=='Base' or '$(Base)'!=''">
			<Base>true</Base>
		</PropertyGroup>
		<PropertyGroup Condition="('$(Platform)'=='Win64' and '$(Base)'=='true') or '$(Base_Win64)'!=''">
			<Base_Win64>true</Base_Win64>
			<CfgParent>Base</CfgParent>
			<Base>true</Base>
		</PropertyGroup>
		<PropertyGroup Condition="('$(Platform)'=='Win32' and '$(Base)'=='true') or '$(Base_Win32)'!=''">
			<Base_Win32>true</Base_Win32>
			<CfgParent>Base</CfgParent>
			<Base>true</Base>
		</PropertyGroup>
		<PropertyGroup Condition="'$(Config)'=='Release' or '$(Cfg_1)'!=''">
			<Cfg_1>true</Cfg_1>
			<CfgParent>Base</CfgParent>
			<Base>true</Base>
		</PropertyGroup>
		<PropertyGroup Condition="('$(Platform)'=='Win32' and '$(Cfg_1)'=='true') or '$(Cfg_1_Win32)'!=''">
			<Cfg_1_Win32>true</Cfg_1_Win32>
			<CfgParent>Cfg_1</CfgParent>
			<Cfg_1>true</Cfg_1>
			<Base>true</Base>
		</PropertyGroup>
		<PropertyGroup Condition="'$(Config)'=='Debug' or '$(Cfg_2)'!=''">
			<Cfg_2>true</Cfg_2>
			<CfgParent>Base</CfgParent>
			<Base>true</Base>
		</PropertyGroup>
		<PropertyGroup Condition="('$(Platform)'=='Win32' and '$(Cfg_2)'=='true') or '$(Cfg_2_Win32)'!=''">
			<Cfg_2_Win32>true</Cfg_2_Win32>
			<CfgParent>Cfg_2</CfgParent>
			<Cfg_2>true</Cfg_2>
			<Base>true</Base>
		</PropertyGroup>
		<PropertyGroup Condition="'$(Base)'!=''">
			<VerInfo_IncludeVerInfo>true</VerInfo_IncludeVerInfo>
			<DCC_OutputNeverBuildDcps>true</DCC_OutputNeverBuildDcps>
			<DesignOnlyPackage>true</DesignOnlyPackage>
			<DCC_BplOutput>..\..\Lib\DXE2</DCC_BplOutput>
			<DCC_Description>UnitSwitcher</DCC_Description>
			<DCC_Namespace>Vcl;Vcl.Imaging;Vcl.Touch;Vcl.Samples;Vcl.Shell;System;Xml;Data;Datasnap;Web;Soap;Winapi;System.Win;$(DCC_Namespace)</DCC_Namespace>
			<DCC_ImageBase>00400000</DCC_ImageBase>
			<VerInfo_Locale>1043</VerInfo_Locale>
			<DCC_DcuOutput>..\..\Lib\DXE2</DCC_DcuOutput>
			<GenDll>true</GenDll>
			<VerInfo_Keys>CompanyName=;FileDescription=;FileVersion=1.0.0.0;InternalName=;LegalCopyright=;LegalTrademarks=;OriginalFilename=;ProductName=;ProductVersion=1.0.0.0;Comments=</VerInfo_Keys>
			<DllSuffix>DXE2</DllSuffix>
			<GenPackage>true</GenPackage>
		</PropertyGroup>
		<PropertyGroup Condition="'$(Base_Win64)'!=''">
		</PropertyGroup>
		<PropertyGroup Condition="'$(Base_Win32)'!=''">
			<DCC_Namespace>Data.Win;Datasnap.Win;Web.Win;Soap.Win;Xml.Win;Bde;$(DCC_Namespace)</DCC_Namespace>
			<VerInfo_Locale>1033</VerInfo_Locale>
		</PropertyGroup>
		<PropertyGroup Condition="'$(Cfg_1)'!=''">
			<Version>7.0</Version>
			<DCC_DebugInformation>False</DCC_DebugInformation>
			<DCC_LocalDebugSymbols>False</DCC_LocalDebugSymbols>
			<DCC_SymbolReferenceInfo>0</DCC_SymbolReferenceInfo>
			<DCC_ObjOutput>..\..\Lib\D2006</DCC_ObjOutput>
			<DCC_HppOutput>..\..\Lib\D2006</DCC_HppOutput>
			<DCC_Define>RELEASE;$(DCC_Define)</DCC_Define>
		</PropertyGroup>
		<PropertyGroup Condition="'$(Cfg_1_Win32)'!=''">
			<VerInfo_Locale>1033</VerInfo_Locale>
		</PropertyGroup>
		<PropertyGroup Condition="'$(Cfg_2)'!=''">
			<Version>7.0</Version>
			<DCC_ObjOutput>..\..\Lib\D2007</DCC_ObjOutput>
			<DCC_HppOutput>..\..\Lib\D2007</DCC_HppOutput>
		</PropertyGroup>
		<PropertyGroup Condition="'$(Cfg_2_Win32)'!=''">
			<VerInfo_Locale>1033</VerInfo_Locale>
		</PropertyGroup>
		<ProjectExtensions>
			<Borland.Personality>Delphi.Personality.12</Borland.Personality>
			<Borland.ProjectType>Package</Borland.ProjectType>
			<BorlandProject>
				<Delphi.Personality>
					<Parameters>
						<Parameters Name="UseLauncher">False</Parameters>
						<Parameters Name="LoadAllSymbols">True</Parameters>
						<Parameters Name="LoadUnspecifiedSymbols">False</Parameters>
					</Parameters>
					<VersionInfo>
						<VersionInfo Name="IncludeVerInfo">True</VersionInfo>
						<VersionInfo Name="AutoIncBuild">False</VersionInfo>
						<VersionInfo Name="MajorVer">1</VersionInfo>
						<VersionInfo Name="MinorVer">0</VersionInfo>
						<VersionInfo Name="Release">0</VersionInfo>
						<VersionInfo Name="Build">0</VersionInfo>
						<VersionInfo Name="Debug">False</VersionInfo>
						<VersionInfo Name="PreRelease">False</VersionInfo>
						<VersionInfo Name="Special">False</VersionInfo>
						<VersionInfo Name="Private">False</VersionInfo>
						<VersionInfo Name="DLL">False</VersionInfo>
						<VersionInfo Name="Locale">1043</VersionInfo>
						<VersionInfo Name="CodePage">1252</VersionInfo>
					</VersionInfo>
					<VersionInfoKeys>
						<VersionInfoKeys Name="CompanyName"/>
						<VersionInfoKeys Name="FileDescription"/>
						<VersionInfoKeys Name="FileVersion">1.0.0.0</VersionInfoKeys>
						<VersionInfoKeys Name="InternalName"/>
						<VersionInfoKeys Name="LegalCopyright"/>
						<VersionInfoKeys Name="LegalTrademarks"/>
						<VersionInfoKeys Name="OriginalFilename"/>
						<VersionInfoKeys Name="ProductName"/>
						<VersionInfoKeys Name="ProductVersion">1.0.0.0</VersionInfoKeys>
						<VersionInfoKeys Name="Comments"/>
					</VersionInfoKeys>
					<Excluded_Packages>
						<Excluded_Packages Name="P:\Algemeen\bin\DXE2\WPViewPDFLIB_XE2.bpl">WPViewPDF 3</Excluded_Packages>
					</Excluded_Packages>
					<Source>
						<Source Name="MainSource">UnitSwitcher.dpk</Source>
					</Source>
				</Delphi.Personality>
				<Platforms>
					<Platform value="Win64">False</Platform>
					<Platform value="Win32">True</Platform>
				</Platforms>
			</BorlandProject>
			<ProjectFileVersion>12</ProjectFileVersion>
		</ProjectExtensions>
		<Import Project="$(BDS)\Bin\CodeGear.Delphi.Targets"/>
		<ItemGroup>
			<DelphiCompile Include="$(MainSource)">
				<MainSource>MainSource</MainSource>
			</DelphiCompile>
			<DCCReference Include="rtl.dcp"/>
			<DCCReference Include="designide.dcp"/>
			<DCCReference Include="vcl.dcp"/>
			<DCCReference Include="xmlrtl.dcp"/>
			<DCCReference Include="vclactnband.dcp"/>
			<DCCReference Include="vclx.dcp"/>
			<DCCReference Include="..\..\Source\UnSwClient.pas"/>
			<DCCReference Include="..\..\Source\UnSwObjects.pas"/>
			<DCCReference Include="..\..\Source\UnSwDialog.pas">
				<Form>frmUnSwDialog</Form>
			</DCCReference>
			<DCCReference Include="..\..\Source\UnSwFilters.pas"/>
			<DCCReference Include="..\..\Source\UnSwConfiguration.pas">
				<Form>frmUnSwConfiguration</Form>
			</DCCReference>
			<DCCReference Include="..\..\Source\UnSwSettings.pas"/>
			<DCCReference Include="..\..\Source\UnSwShortcuts.pas">
				<Form>frmUnSwShortcuts</Form>
			</DCCReference>
			<DCCReference Include="..\..\Source\CmpSwClient.pas"/>
			<DCCReference Include="..\..\Source\BaseSwClient.pas"/>
			<DCCReference Include="..\..\Source\BaseSwDialog.pas">
				<Form>frmBaseSwDialog</Form>
			</DCCReference>
			<DCCReference Include="..\..\Source\BaseSwFilters.pas"/>
			<DCCReference Include="..\..\Source\BaseSwObjects.pas"/>
			<DCCReference Include="..\..\Source\UnSwReg.pas"/>
			<DCCReference Include="..\..\Source\CmpSwDialog.pas">
				<Form>frmCmpSwDialog</Form>
			</DCCReference>
			<DCCReference Include="..\..\Source\CmpSwObjects.pas"/>
			<DCCReference Include="..\..\Source\CmpSwFilters.pas"/>
			<DCCReference Include="..\..\Source\CmpSwSettings.pas"/>
			<DCCReference Include="..\..\Source\BaseSwSettings.pas"/>
			<DCCReference Include="..\..\Source\CmpSwConfiguration.pas">
				<Form>frmCmpSwConfiguration</Form>
			</DCCReference>
			<DCCReference Include="..\..\Source\CmpSwFilterConfiguration.pas">
				<Form>frmCmpSwFilterConfiguration</Form>
			</DCCReference>
			<DCCReference Include="..\..\Source\ProjSwClient.pas"/>
			<DCCReference Include="..\..\Source\ProjSwDialog.pas">
				<Form>frmProjSwDialog</Form>
			</DCCReference>
			<DCCReference Include="..\..\Source\ProjSwObjects.pas"/>
			<DCCReference Include="..\..\Source\ProjSwSettings.pas"/>
			<BuildConfiguration Include="Debug">
				<Key>Cfg_2</Key>
				<CfgParent>Base</CfgParent>
			</BuildConfiguration>
			<BuildConfiguration Include="Base">
				<Key>Base</Key>
			</BuildConfiguration>
			<BuildConfiguration Include="Release">
				<Key>Cfg_1</Key>
				<CfgParent>Base</CfgParent>
			</BuildConfiguration>
		</ItemGroup>
		<Import Condition="Exists('$(APPDATA)\Embarcadero\$(BDSAPPDATABASEDIR)\$(PRODUCTVERSION)\UserTools.proj')" Project="$(APPDATA)\Embarcadero\$(BDSAPPDATABASEDIR)\$(PRODUCTVERSION)\UserTools.proj"/>
	</Project>
